// !$*UTF8*$!
{
	archiveVersion = 1;
	classes = {
	};
	objectVersion = 51;
	objects = {

/* Begin PBXBuildFile section */
		6E003F83B61B8916512A93DA /* Pods_Messenger.framework in Frameworks */ = {isa = PBXBuildFile; fileRef = 268C9782A1E82BB05547B3D3 /* Pods_Messenger.framework */; };
		CCB2CDDC266CC03D0061E603 /* GoogleService-Info.plist in Resources */ = {isa = PBXBuildFile; fileRef = CCB2CDDB266CC03C0061E603 /* GoogleService-Info.plist */; };
		CCB2CDFE266CDD2F0061E603 /* DatabaseManager.swift in Sources */ = {isa = PBXBuildFile; fileRef = CCB2CDFD266CDD2F0061E603 /* DatabaseManager.swift */; };
		CCB7BB33266B4BAC0081A5D5 /* AppDelegate.swift in Sources */ = {isa = PBXBuildFile; fileRef = CCB7BB32266B4BAC0081A5D5 /* AppDelegate.swift */; };
		CCB7BB35266B4BAC0081A5D5 /* SceneDelegate.swift in Sources */ = {isa = PBXBuildFile; fileRef = CCB7BB34266B4BAC0081A5D5 /* SceneDelegate.swift */; };
		CCB7BB37266B4BAC0081A5D5 /* ConversationViewController.swift in Sources */ = {isa = PBXBuildFile; fileRef = CCB7BB36266B4BAC0081A5D5 /* ConversationViewController.swift */; };
		CCB7BB3A266B4BAC0081A5D5 /* Main.storyboard in Resources */ = {isa = PBXBuildFile; fileRef = CCB7BB38266B4BAC0081A5D5 /* Main.storyboard */; };
		CCB7BB3C266B4BAD0081A5D5 /* Assets.xcassets in Resources */ = {isa = PBXBuildFile; fileRef = CCB7BB3B266B4BAD0081A5D5 /* Assets.xcassets */; };
		CCB7BB3F266B4BAD0081A5D5 /* LaunchScreen.storyboard in Resources */ = {isa = PBXBuildFile; fileRef = CCB7BB3D266B4BAD0081A5D5 /* LaunchScreen.storyboard */; };
		CCB7BB4F266B64F20081A5D5 /* LoginViewController.swift in Sources */ = {isa = PBXBuildFile; fileRef = CCB7BB4E266B64F20081A5D5 /* LoginViewController.swift */; };
		CCB7BB52266B65050081A5D5 /* RegisterViewController.swift in Sources */ = {isa = PBXBuildFile; fileRef = CCB7BB51266B65050081A5D5 /* RegisterViewController.swift */; };
		CCB7BB55266B65200081A5D5 /* PhotoViewerViewController.swift in Sources */ = {isa = PBXBuildFile; fileRef = CCB7BB54266B65200081A5D5 /* PhotoViewerViewController.swift */; };
		CCB7BB58266B65340081A5D5 /* VideoPlayerViewController.swift in Sources */ = {isa = PBXBuildFile; fileRef = CCB7BB57266B65340081A5D5 /* VideoPlayerViewController.swift */; };
		CCB7BB5B266B655D0081A5D5 /* NewConversationViewController.swift in Sources */ = {isa = PBXBuildFile; fileRef = CCB7BB5A266B655D0081A5D5 /* NewConversationViewController.swift */; };
		CCB7BB5E266B65720081A5D5 /* ProfileViewController.swift in Sources */ = {isa = PBXBuildFile; fileRef = CCB7BB5D266B65720081A5D5 /* ProfileViewController.swift */; };
		CCB7BB64266B6EB70081A5D5 /* Extension.swift in Sources */ = {isa = PBXBuildFile; fileRef = CCB7BB63266B6EB70081A5D5 /* Extension.swift */; };
/* End PBXBuildFile section */

/* Begin PBXFileReference section */
		268C9782A1E82BB05547B3D3 /* Pods_Messenger.framework */ = {isa = PBXFileReference; explicitFileType = wrapper.framework; includeInIndex = 0; path = Pods_Messenger.framework; sourceTree = BUILT_PRODUCTS_DIR; };
		7CDAB8913485BABC6172A37D /* Pods-Messenger.debug.xcconfig */ = {isa = PBXFileReference; includeInIndex = 1; lastKnownFileType = text.xcconfig; name = "Pods-Messenger.debug.xcconfig"; path = "Target Support Files/Pods-Messenger/Pods-Messenger.debug.xcconfig"; sourceTree = "<group>"; };
		8DD3EF9CC3ACA85BA5EEED1A /* Pods-Messenger.release.xcconfig */ = {isa = PBXFileReference; includeInIndex = 1; lastKnownFileType = text.xcconfig; name = "Pods-Messenger.release.xcconfig"; path = "Target Support Files/Pods-Messenger/Pods-Messenger.release.xcconfig"; sourceTree = "<group>"; };
		CCB2CDDB266CC03C0061E603 /* GoogleService-Info.plist */ = {isa = PBXFileReference; fileEncoding = 4; lastKnownFileType = text.plist.xml; path = "GoogleService-Info.plist"; sourceTree = "<group>"; };
		CCB2CDFD266CDD2F0061E603 /* DatabaseManager.swift */ = {isa = PBXFileReference; lastKnownFileType = sourcecode.swift; path = DatabaseManager.swift; sourceTree = "<group>"; };
		CCB7BB2F266B4BAC0081A5D5 /* Messenger.app */ = {isa = PBXFileReference; explicitFileType = wrapper.application; includeInIndex = 0; path = Messenger.app; sourceTree = BUILT_PRODUCTS_DIR; };
		CCB7BB32266B4BAC0081A5D5 /* AppDelegate.swift */ = {isa = PBXFileReference; lastKnownFileType = sourcecode.swift; path = AppDelegate.swift; sourceTree = "<group>"; };
		CCB7BB34266B4BAC0081A5D5 /* SceneDelegate.swift */ = {isa = PBXFileReference; lastKnownFileType = sourcecode.swift; path = SceneDelegate.swift; sourceTree = "<group>"; };
		CCB7BB36266B4BAC0081A5D5 /* ConversationViewController.swift */ = {isa = PBXFileReference; lastKnownFileType = sourcecode.swift; path = ConversationViewController.swift; sourceTree = "<group>"; };
		CCB7BB39266B4BAC0081A5D5 /* Base */ = {isa = PBXFileReference; lastKnownFileType = file.storyboard; name = Base; path = Base.lproj/Main.storyboard; sourceTree = "<group>"; };
		CCB7BB3B266B4BAD0081A5D5 /* Assets.xcassets */ = {isa = PBXFileReference; lastKnownFileType = folder.assetcatalog; path = Assets.xcassets; sourceTree = "<group>"; };
		CCB7BB3E266B4BAD0081A5D5 /* Base */ = {isa = PBXFileReference; lastKnownFileType = file.storyboard; name = Base; path = Base.lproj/LaunchScreen.storyboard; sourceTree = "<group>"; };
		CCB7BB40266B4BAD0081A5D5 /* Info.plist */ = {isa = PBXFileReference; lastKnownFileType = text.plist.xml; path = Info.plist; sourceTree = "<group>"; };
		CCB7BB4E266B64F20081A5D5 /* LoginViewController.swift */ = {isa = PBXFileReference; lastKnownFileType = sourcecode.swift; path = LoginViewController.swift; sourceTree = "<group>"; };
		CCB7BB51266B65050081A5D5 /* RegisterViewController.swift */ = {isa = PBXFileReference; lastKnownFileType = sourcecode.swift; path = RegisterViewController.swift; sourceTree = "<group>"; };
		CCB7BB54266B65200081A5D5 /* PhotoViewerViewController.swift */ = {isa = PBXFileReference; lastKnownFileType = sourcecode.swift; path = PhotoViewerViewController.swift; sourceTree = "<group>"; };
		CCB7BB57266B65340081A5D5 /* VideoPlayerViewController.swift */ = {isa = PBXFileReference; lastKnownFileType = sourcecode.swift; path = VideoPlayerViewController.swift; sourceTree = "<group>"; };
		CCB7BB5A266B655D0081A5D5 /* NewConversationViewController.swift */ = {isa = PBXFileReference; lastKnownFileType = sourcecode.swift; path = NewConversationViewController.swift; sourceTree = "<group>"; };
		CCB7BB5D266B65720081A5D5 /* ProfileViewController.swift */ = {isa = PBXFileReference; lastKnownFileType = sourcecode.swift; path = ProfileViewController.swift; sourceTree = "<group>"; };
		CCB7BB63266B6EB70081A5D5 /* Extension.swift */ = {isa = PBXFileReference; lastKnownFileType = sourcecode.swift; path = Extension.swift; sourceTree = "<group>"; };
/* End PBXFileReference section */

/* Begin PBXFrameworksBuildPhase section */
		CCB7BB2C266B4BAC0081A5D5 /* Frameworks */ = {
			isa = PBXFrameworksBuildPhase;
			buildActionMask = 2147483647;
			files = (
				6E003F83B61B8916512A93DA /* Pods_Messenger.framework in Frameworks */,
			);
			runOnlyForDeploymentPostprocessing = 0;
		};
/* End PBXFrameworksBuildPhase section */

/* Begin PBXGroup section */
		9258DD6D03932F32AA706A94 /* Frameworks */ = {
			isa = PBXGroup;
			children = (
				268C9782A1E82BB05547B3D3 /* Pods_Messenger.framework */,
			);
			name = Frameworks;
			sourceTree = "<group>";
		};
		BD53D4631D150C738C7202CB /* Pods */ = {
			isa = PBXGroup;
			children = (
				7CDAB8913485BABC6172A37D /* Pods-Messenger.debug.xcconfig */,
				8DD3EF9CC3ACA85BA5EEED1A /* Pods-Messenger.release.xcconfig */,
			);
			path = Pods;
			sourceTree = "<group>";
		};
		CCB7BB26266B4BAC0081A5D5 = {
			isa = PBXGroup;
			children = (
				CCB2CDDB266CC03C0061E603 /* GoogleService-Info.plist */,
				CCB7BB31266B4BAC0081A5D5 /* Messenger */,
				CCB7BB30266B4BAC0081A5D5 /* Products */,
				BD53D4631D150C738C7202CB /* Pods */,
				9258DD6D03932F32AA706A94 /* Frameworks */,
			);
			sourceTree = "<group>";
		};
		CCB7BB30266B4BAC0081A5D5 /* Products */ = {
			isa = PBXGroup;
			children = (
				CCB7BB2F266B4BAC0081A5D5 /* Messenger.app */,
			);
			name = Products;
			sourceTree = "<group>";
		};
		CCB7BB31266B4BAC0081A5D5 /* Messenger */ = {
			isa = PBXGroup;
			children = (
				CCB7BB4B266B62810081A5D5 /* Resources */,
				CCB7BB4A266B62790081A5D5 /* ViewModels */,
				CCB7BB49266B62730081A5D5 /* Models */,
				CCB7BB48266B626E0081A5D5 /* Views */,
				CCB7BB47266B62640081A5D5 /* Controller */,
				CCB7BB40266B4BAD0081A5D5 /* Info.plist */,
			);
			path = Messenger;
			sourceTree = "<group>";
		};
		CCB7BB47266B62640081A5D5 /* Controller */ = {
			isa = PBXGroup;
			children = (
				CCB7BB36266B4BAC0081A5D5 /* ConversationViewController.swift */,
				CCB7BB60266B672D0081A5D5 /* Login */,
				CCB7BB54266B65200081A5D5 /* PhotoViewerViewController.swift */,
				CCB7BB57266B65340081A5D5 /* VideoPlayerViewController.swift */,
				CCB7BB5A266B655D0081A5D5 /* NewConversationViewController.swift */,
				CCB7BB5D266B65720081A5D5 /* ProfileViewController.swift */,
			);
			path = Controller;
			sourceTree = "<group>";
		};
		CCB7BB48266B626E0081A5D5 /* Views */ = {
			isa = PBXGroup;
			children = (
				CCB7BB4C266B62A50081A5D5 /* Storyboards */,
				CCB7BB3B266B4BAD0081A5D5 /* Assets.xcassets */,
				CCB7BB3D266B4BAD0081A5D5 /* LaunchScreen.storyboard */,
			);
			path = Views;
			sourceTree = "<group>";
		};
		CCB7BB49266B62730081A5D5 /* Models */ = {
			isa = PBXGroup;
			children = (
			);
			path = Models;
			sourceTree = "<group>";
		};
		CCB7BB4A266B62790081A5D5 /* ViewModels */ = {
			isa = PBXGroup;
			children = (
			);
			path = ViewModels;
			sourceTree = "<group>";
		};
		CCB7BB4B266B62810081A5D5 /* Resources */ = {
			isa = PBXGroup;
			children = (
				CCB7BB32266B4BAC0081A5D5 /* AppDelegate.swift */,
				CCB7BB34266B4BAC0081A5D5 /* SceneDelegate.swift */,
				CCB7BB63266B6EB70081A5D5 /* Extension.swift */,
				CCB2CDFD266CDD2F0061E603 /* DatabaseManager.swift */,
			);
			path = Resources;
			sourceTree = "<group>";
		};
		CCB7BB4C266B62A50081A5D5 /* Storyboards */ = {
			isa = PBXGroup;
			children = (
				CCB7BB38266B4BAC0081A5D5 /* Main.storyboard */,
			);
			path = Storyboards;
			sourceTree = "<group>";
		};
		CCB7BB60266B672D0081A5D5 /* Login */ = {
			isa = PBXGroup;
			children = (
				CCB7BB4E266B64F20081A5D5 /* LoginViewController.swift */,
				CCB7BB51266B65050081A5D5 /* RegisterViewController.swift */,
			);
			path = Login;
			sourceTree = "<group>";
		};
/* End PBXGroup section */

/* Begin PBXNativeTarget section */
		CCB7BB2E266B4BAC0081A5D5 /* Messenger */ = {
			isa = PBXNativeTarget;
			buildConfigurationList = CCB7BB43266B4BAD0081A5D5 /* Build configuration list for PBXNativeTarget "Messenger" */;
			buildPhases = (
				E42BDBD6138ABDD29D1A661A /* [CP] Check Pods Manifest.lock */,
				CCB7BB2B266B4BAC0081A5D5 /* Sources */,
				CCB7BB2C266B4BAC0081A5D5 /* Frameworks */,
				CCB7BB2D266B4BAC0081A5D5 /* Resources */,
				9A148B843C1EC3E6D5CED75C /* [CP] Embed Pods Frameworks */,
			);
			buildRules = (
			);
			dependencies = (
			);
			name = Messenger;
			productName = Messenger;
			productReference = CCB7BB2F266B4BAC0081A5D5 /* Messenger.app */;
			productType = "com.apple.product-type.application";
		};
/* End PBXNativeTarget section */

/* Begin PBXProject section */
		CCB7BB27266B4BAC0081A5D5 /* Project object */ = {
			isa = PBXProject;
			attributes = {
				LastSwiftUpdateCheck = 1240;
				LastUpgradeCheck = 1240;
				TargetAttributes = {
					CCB7BB2E266B4BAC0081A5D5 = {
						CreatedOnToolsVersion = 12.4;
					};
				};
			};
			buildConfigurationList = CCB7BB2A266B4BAC0081A5D5 /* Build configuration list for PBXProject "Messenger" */;
			compatibilityVersion = "Xcode 9.3";
			developmentRegion = en;
			hasScannedForEncodings = 0;
			knownRegions = (
				en,
				Base,
			);
			mainGroup = CCB7BB26266B4BAC0081A5D5;
			productRefGroup = CCB7BB30266B4BAC0081A5D5 /* Products */;
			projectDirPath = "";
			projectRoot = "";
			targets = (
				CCB7BB2E266B4BAC0081A5D5 /* Messenger */,
			);
		};
/* End PBXProject section */

/* Begin PBXResourcesBuildPhase section */
		CCB7BB2D266B4BAC0081A5D5 /* Resources */ = {
			isa = PBXResourcesBuildPhase;
			buildActionMask = 2147483647;
			files = (
				CCB7BB3F266B4BAD0081A5D5 /* LaunchScreen.storyboard in Resources */,
				CCB2CDDC266CC03D0061E603 /* GoogleService-Info.plist in Resources */,
				CCB7BB3C266B4BAD0081A5D5 /* Assets.xcassets in Resources */,
				CCB7BB3A266B4BAC0081A5D5 /* Main.storyboard in Resources */,
			);
			runOnlyForDeploymentPostprocessing = 0;
		};
/* End PBXResourcesBuildPhase section */

/* Begin PBXShellScriptBuildPhase section */
		9A148B843C1EC3E6D5CED75C /* [CP] Embed Pods Frameworks */ = {
			isa = PBXShellScriptBuildPhase;
			buildActionMask = 2147483647;
			files = (
			);
			inputFileListPaths = (
				"${PODS_ROOT}/Target Support Files/Pods-Messenger/Pods-Messenger-frameworks-${CONFIGURATION}-input-files.xcfilelist",
			);
			name = "[CP] Embed Pods Frameworks";
			outputFileListPaths = (
				"${PODS_ROOT}/Target Support Files/Pods-Messenger/Pods-Messenger-frameworks-${CONFIGURATION}-output-files.xcfilelist",
			);
			runOnlyForDeploymentPostprocessing = 0;
			shellPath = /bin/sh;
			shellScript = "\"${PODS_ROOT}/Target Support Files/Pods-Messenger/Pods-Messenger-frameworks.sh\"\n";
			showEnvVarsInLog = 0;
		};
		E42BDBD6138ABDD29D1A661A /* [CP] Check Pods Manifest.lock */ = {
			isa = PBXShellScriptBuildPhase;
			buildActionMask = 2147483647;
			files = (
			);
			inputFileListPaths = (
			);
			inputPaths = (
				"${PODS_PODFILE_DIR_PATH}/Podfile.lock",
				"${PODS_ROOT}/Manifest.lock",
			);
			name = "[CP] Check Pods Manifest.lock";
			outputFileListPaths = (
			);
			outputPaths = (
				"$(DERIVED_FILE_DIR)/Pods-Messenger-checkManifestLockResult.txt",
			);
			runOnlyForDeploymentPostprocessing = 0;
			shellPath = /bin/sh;
			shellScript = "diff \"${PODS_PODFILE_DIR_PATH}/Podfile.lock\" \"${PODS_ROOT}/Manifest.lock\" > /dev/null\nif [ $? != 0 ] ; then\n    # print error to STDERR\n    echo \"error: The sandbox is not in sync with the Podfile.lock. Run 'pod install' or update your CocoaPods installation.\" >&2\n    exit 1\nfi\n# This output is used by Xcode 'outputs' to avoid re-running this script phase.\necho \"SUCCESS\" > \"${SCRIPT_OUTPUT_FILE_0}\"\n";
			showEnvVarsInLog = 0;
		};
/* End PBXShellScriptBuildPhase section */

/* Begin PBXSourcesBuildPhase section */
		CCB7BB2B266B4BAC0081A5D5 /* Sources */ = {
			isa = PBXSourcesBuildPhase;
			buildActionMask = 2147483647;
			files = (
				CCB7BB4F266B64F20081A5D5 /* LoginViewController.swift in Sources */,
				CCB2CDFE266CDD2F0061E603 /* DatabaseManager.swift in Sources */,
				CCB7BB52266B65050081A5D5 /* RegisterViewController.swift in Sources */,
				CCB7BB5B266B655D0081A5D5 /* NewConversationViewController.swift in Sources */,
				CCB7BB37266B4BAC0081A5D5 /* ConversationViewController.swift in Sources */,
				CCB7BB58266B65340081A5D5 /* VideoPlayerViewController.swift in Sources */,
				CCB7BB64266B6EB70081A5D5 /* Extension.swift in Sources */,
				CCB7BB33266B4BAC0081A5D5 /* AppDelegate.swift in Sources */,
				CCB7BB5E266B65720081A5D5 /* ProfileViewController.swift in Sources */,
				CCB7BB35266B4BAC0081A5D5 /* SceneDelegate.swift in Sources */,
				CCB7BB55266B65200081A5D5 /* PhotoViewerViewController.swift in Sources */,
			);
			runOnlyForDeploymentPostprocessing = 0;
		};
/* End PBXSourcesBuildPhase section */

/* Begin PBXVariantGroup section */
		CCB7BB38266B4BAC0081A5D5 /* Main.storyboard */ = {
			isa = PBXVariantGroup;
			children = (
				CCB7BB39266B4BAC0081A5D5 /* Base */,
			);
			name = Main.storyboard;
			sourceTree = "<group>";
		};
		CCB7BB3D266B4BAD0081A5D5 /* LaunchScreen.storyboard */ = {
			isa = PBXVariantGroup;
			children = (
				CCB7BB3E266B4BAD0081A5D5 /* Base */,
			);
			name = LaunchScreen.storyboard;
			sourceTree = "<group>";
		};
/* End PBXVariantGroup section */

/* Begin XCBuildConfiguration section */
		CCB7BB41266B4BAD0081A5D5 /* Debug */ = {
			isa = XCBuildConfiguration;
			buildSettings = {
				ALWAYS_SEARCH_USER_PATHS = NO;
				CLANG_ANALYZER_NONNULL = YES;
				CLANG_ANALYZER_NUMBER_OBJECT_CONVERSION = YES_AGGRESSIVE;
				CLANG_CXX_LANGUAGE_STANDARD = "gnu++14";
				CLANG_CXX_LIBRARY = "libc++";
				CLANG_ENABLE_MODULES = YES;
				CLANG_ENABLE_OBJC_ARC = YES;
				CLANG_ENABLE_OBJC_WEAK = YES;
				CLANG_WARN_BLOCK_CAPTURE_AUTORELEASING = YES;
				CLANG_WARN_BOOL_CONVERSION = YES;
				CLANG_WARN_COMMA = YES;
				CLANG_WARN_CONSTANT_CONVERSION = YES;
				CLANG_WARN_DEPRECATED_OBJC_IMPLEMENTATIONS = YES;
				CLANG_WARN_DIRECT_OBJC_ISA_USAGE = YES_ERROR;
				CLANG_WARN_DOCUMENTATION_COMMENTS = YES;
				CLANG_WARN_EMPTY_BODY = YES;
				CLANG_WARN_ENUM_CONVERSION = YES;
				CLANG_WARN_INFINITE_RECURSION = YES;
				CLANG_WARN_INT_CONVERSION = YES;
				CLANG_WARN_NON_LITERAL_NULL_CONVERSION = YES;
				CLANG_WARN_OBJC_IMPLICIT_RETAIN_SELF = YES;
				CLANG_WARN_OBJC_LITERAL_CONVERSION = YES;
				CLANG_WARN_OBJC_ROOT_CLASS = YES_ERROR;
				CLANG_WARN_QUOTED_INCLUDE_IN_FRAMEWORK_HEADER = YES;
				CLANG_WARN_RANGE_LOOP_ANALYSIS = YES;
				CLANG_WARN_STRICT_PROTOTYPES = YES;
				CLANG_WARN_SUSPICIOUS_MOVE = YES;
				CLANG_WARN_UNGUARDED_AVAILABILITY = YES_AGGRESSIVE;
				CLANG_WARN_UNREACHABLE_CODE = YES;
				CLANG_WARN__DUPLICATE_METHOD_MATCH = YES;
				COPY_PHASE_STRIP = NO;
				DEBUG_INFORMATION_FORMAT = dwarf;
				ENABLE_STRICT_OBJC_MSGSEND = YES;
				ENABLE_TESTABILITY = YES;
				GCC_C_LANGUAGE_STANDARD = gnu11;
				GCC_DYNAMIC_NO_PIC = NO;
				GCC_NO_COMMON_BLOCKS = YES;
				GCC_OPTIMIZATION_LEVEL = 0;
				GCC_PREPROCESSOR_DEFINITIONS = (
					"DEBUG=1",
					"$(inherited)",
				);
				GCC_WARN_64_TO_32_BIT_CONVERSION = YES;
				GCC_WARN_ABOUT_RETURN_TYPE = YES_ERROR;
				GCC_WARN_UNDECLARED_SELECTOR = YES;
				GCC_WARN_UNINITIALIZED_AUTOS = YES_AGGRESSIVE;
				GCC_WARN_UNUSED_FUNCTION = YES;
				GCC_WARN_UNUSED_VARIABLE = YES;
				IPHONEOS_DEPLOYMENT_TARGET = 14.4;
				MTL_ENABLE_DEBUG_INFO = INCLUDE_SOURCE;
				MTL_FAST_MATH = YES;
				ONLY_ACTIVE_ARCH = YES;
				SDKROOT = iphoneos;
				SWIFT_ACTIVE_COMPILATION_CONDITIONS = DEBUG;
				SWIFT_OPTIMIZATION_LEVEL = "-Onone";
			};
			name = Debug;
		};
		CCB7BB42266B4BAD0081A5D5 /* Release */ = {
			isa = XCBuildConfiguration;
			buildSettings = {
				ALWAYS_SEARCH_USER_PATHS = NO;
				CLANG_ANALYZER_NONNULL = YES;
				CLANG_ANALYZER_NUMBER_OBJECT_CONVERSION = YES_AGGRESSIVE;
				CLANG_CXX_LANGUAGE_STANDARD = "gnu++14";
				CLANG_CXX_LIBRARY = "libc++";
				CLANG_ENABLE_MODULES = YES;
				CLANG_ENABLE_OBJC_ARC = YES;
				CLANG_ENABLE_OBJC_WEAK = YES;
				CLANG_WARN_BLOCK_CAPTURE_AUTORELEASING = YES;
				CLANG_WARN_BOOL_CONVERSION = YES;
				CLANG_WARN_COMMA = YES;
				CLANG_WARN_CONSTANT_CONVERSION = YES;
				CLANG_WARN_DEPRECATED_OBJC_IMPLEMENTATIONS = YES;
				CLANG_WARN_DIRECT_OBJC_ISA_USAGE = YES_ERROR;
				CLANG_WARN_DOCUMENTATION_COMMENTS = YES;
				CLANG_WARN_EMPTY_BODY = YES;
				CLANG_WARN_ENUM_CONVERSION = YES;
				CLANG_WARN_INFINITE_RECURSION = YES;
				CLANG_WARN_INT_CONVERSION = YES;
				CLANG_WARN_NON_LITERAL_NULL_CONVERSION = YES;
				CLANG_WARN_OBJC_IMPLICIT_RETAIN_SELF = YES;
				CLANG_WARN_OBJC_LITERAL_CONVERSION = YES;
				CLANG_WARN_OBJC_ROOT_CLASS = YES_ERROR;
				CLANG_WARN_QUOTED_INCLUDE_IN_FRAMEWORK_HEADER = YES;
				CLANG_WARN_RANGE_LOOP_ANALYSIS = YES;
				CLANG_WARN_STRICT_PROTOTYPES = YES;
				CLANG_WARN_SUSPICIOUS_MOVE = YES;
				CLANG_WARN_UNGUARDED_AVAILABILITY = YES_AGGRESSIVE;
				CLANG_WARN_UNREACHABLE_CODE = YES;
				CLANG_WARN__DUPLICATE_METHOD_MATCH = YES;
				COPY_PHASE_STRIP = NO;
				DEBUG_INFORMATION_FORMAT = "dwarf-with-dsym";
				ENABLE_NS_ASSERTIONS = NO;
				ENABLE_STRICT_OBJC_MSGSEND = YES;
				GCC_C_LANGUAGE_STANDARD = gnu11;
				GCC_NO_COMMON_BLOCKS = YES;
				GCC_WARN_64_TO_32_BIT_CONVERSION = YES;
				GCC_WARN_ABOUT_RETURN_TYPE = YES_ERROR;
				GCC_WARN_UNDECLARED_SELECTOR = YES;
				GCC_WARN_UNINITIALIZED_AUTOS = YES_AGGRESSIVE;
				GCC_WARN_UNUSED_FUNCTION = YES;
				GCC_WARN_UNUSED_VARIABLE = YES;
				IPHONEOS_DEPLOYMENT_TARGET = 14.4;
				MTL_ENABLE_DEBUG_INFO = NO;
				MTL_FAST_MATH = YES;
				SDKROOT = iphoneos;
				SWIFT_COMPILATION_MODE = wholemodule;
				SWIFT_OPTIMIZATION_LEVEL = "-O";
				VALIDATE_PRODUCT = YES;
			};
			name = Release;
		};
		CCB7BB44266B4BAD0081A5D5 /* Debug */ = {
			isa = XCBuildConfiguration;
			baseConfigurationReference = 7CDAB8913485BABC6172A37D /* Pods-Messenger.debug.xcconfig */;
			buildSettings = {
				ASSETCATALOG_COMPILER_APPICON_NAME = AppIcon;
				ASSETCATALOG_COMPILER_GLOBAL_ACCENT_COLOR_NAME = AccentColor;
				CODE_SIGN_STYLE = Automatic;
				DEVELOPMENT_TEAM = 6A65PK3WJ7;
				INFOPLIST_FILE = Messenger/Info.plist;
				LD_RUNPATH_SEARCH_PATHS = (
					"$(inherited)",
					"@executable_path/Frameworks",
				);
				PRODUCT_BUNDLE_IDENTIFIER = com.HannaSwift.Messenger;
				PRODUCT_NAME = "$(TARGET_NAME)";
				SWIFT_VERSION = 5.0;
				TARGETED_DEVICE_FAMILY = "1,2";
			};
			name = Debug;
		};
		CCB7BB45266B4BAD0081A5D5 /* Release */ = {
			isa = XCBuildConfiguration;
			baseConfigurationReference = 8DD3EF9CC3ACA85BA5EEED1A /* Pods-Messenger.release.xcconfig */;
			buildSettings = {
				ASSETCATALOG_COMPILER_APPICON_NAME = AppIcon;
				ASSETCATALOG_COMPILER_GLOBAL_ACCENT_COLOR_NAME = AccentColor;
				CODE_SIGN_STYLE = Automatic;
				DEVELOPMENT_TEAM = 6A65PK3WJ7;
				INFOPLIST_FILE = Messenger/Info.plist;
				LD_RUNPATH_SEARCH_PATHS = (
					"$(inherited)",
					"@executable_path/Frameworks",
				);
				PRODUCT_BUNDLE_IDENTIFIER = com.HannaSwift.Messenger;
				PRODUCT_NAME = "$(TARGET_NAME)";
				SWIFT_VERSION = 5.0;
				TARGETED_DEVICE_FAMILY = "1,2";
			};
			name = Release;
		};
/* End XCBuildConfiguration section */

/* Begin XCConfigurationList section */
		CCB7BB2A266B4BAC0081A5D5 /* Build configuration list for PBXProject "Messenger" */ = {
			isa = XCConfigurationList;
			buildConfigurations = (
				CCB7BB41266B4BAD0081A5D5 /* Debug */,
				CCB7BB42266B4BAD0081A5D5 /* Release */,
			);
			defaultConfigurationIsVisible = 0;
			defaultConfigurationName = Release;
		};
		CCB7BB43266B4BAD0081A5D5 /* Build configuration list for PBXNativeTarget "Messenger" */ = {
			isa = XCConfigurationList;
			buildConfigurations = (
				CCB7BB44266B4BAD0081A5D5 /* Debug */,
				CCB7BB45266B4BAD0081A5D5 /* Release */,
			);
			defaultConfigurationIsVisible = 0;
			defaultConfigurationName = Release;
		};
/* End XCConfigurationList section */
	};
	rootObject = CCB7BB27266B4BAC0081A5D5 /* Project object */;
}
